{
  "name": "learn-isolated-vm",
  "version": "1.0.0",
  "lockfileVersion": 2,
  "requires": true,
  "packages": {
    "": {
      "name": "learn-isolated-vm",
      "version": "1.0.0",
      "license": "ISC",
      "dependencies": {
        "isolated-vm": "^4.4.2",
        "yog-log": "^0.1.7"
      }
    },
    "node_modules/colors": {
      "version": "0.6.2",
      "resolved": "http://registry.npm.baidu-int.com/colors/-/colors-0.6.2.tgz",
      "integrity": "sha512-OsSVtHK8Ir8r3+Fxw/b4jS1ZLPXkV6ZxDRJQzeD7qo0SqMXWrHDM71DgYzPMHY8SFJ0Ao+nNU2p1MmwdzKqPrw==",
      "engines": {
        "node": ">=0.1.90"
      }
    },
    "node_modules/fast-strftime": {
      "version": "1.1.1",
      "resolved": "http://registry.npm.baidu-int.com/fast-strftime/-/fast-strftime-1.1.1.tgz",
      "integrity": "sha512-A75yaAd+Yu4IbZH89a3bTe2csqEmhcTgi0BDaDnp9UrkSNqKnMiFerjO6zULIX78MVCcnxD5bF1DFjuitGn9hQ==",
      "license": "MIT"
    },
    "node_modules/isolated-vm": {
      "version": "4.4.2",
      "resolved": "http://registry.npm.baidu-int.com/isolated-vm/-/isolated-vm-4.4.2.tgz",
      "integrity": "sha512-4ObzqZWZTS3bQtavzgoCMsOxpQt3hMeenkPavx2Razig3wX3fAkXZ3XpmqXKoJu6KMl4egBI1MfSg0BnxZ/rfg==",
      "hasInstallScript": true,
      "license": "ISC",
      "engines": {
        "node": ">=10.4.0"
      }
    },
    "node_modules/minimist": {
      "version": "0.0.8",
      "resolved": "http://registry.npm.baidu-int.com/minimist/-/minimist-0.0.8.tgz",
      "integrity": "sha512-miQKw5Hv4NS1Psg2517mV4e4dYNaO3++hjAvLOAzKqZ61rH8NS1SK+vbfBWZ5PY/Me/bEWhUwqMghEW5Fb9T7Q==",
      "license": "MIT"
    },
    "node_modules/mkdirp": {
      "version": "0.5.0",
      "resolved": "http://registry.npm.baidu-int.com/mkdirp/-/mkdirp-0.5.0.tgz",
      "integrity": "sha512-xjjNGy+ry1lhtIKcr2PT6ok3aszhQfgrUDp4OZLHacgRgFmF6XR9XCOJVcXlVGQonIqXcK1DvqgKKQOPWYGSfw==",
      "deprecated": "Legacy versions of mkdirp are no longer supported. Please update to mkdirp 1.x. (Note that the API surface has changed to use Promises in 1.x.)",
      "license": "MIT",
      "dependencies": {
        "minimist": "0.0.8"
      },
      "bin": {
        "mkdirp": "bin/cmd.js"
      }
    },
    "node_modules/stack-trace": {
      "version": "0.0.9",
      "resolved": "http://registry.npm.baidu-int.com/stack-trace/-/stack-trace-0.0.9.tgz",
      "integrity": "sha512-vjUc6sfgtgY0dxCdnc40mK6Oftjo9+2K8H/NG81TMhgL392FtiPA9tn9RLyTxXmTLPJPjF3VyzFp6bsWFLisMQ==",
      "engines": {
        "node": "*"
      }
    },
    "node_modules/yog-log": {
      "version": "0.1.7",
      "resolved": "http://registry.npm.baidu-int.com/yog-log/-/yog-log-0.1.7.tgz",
      "integrity": "sha512-pRgVb1bfGe4kwB+4lqOIAmPVuzxyp+RBYjOFJBVPDv2zoB5A4b0lMbwZw7Zery1lW0GfXV9m0CB9MMwA8Ewstw==",
      "license": "BSD",
      "dependencies": {
        "colors": "0.6.2",
        "fast-strftime": "1.1.1",
        "mkdirp": "0.5.0",
        "stack-trace": "0.0.9"
      }
    }
  },
  "dependencies": {
    "colors": {
      "version": "0.6.2",
      "resolved": "http://registry.npm.baidu-int.com/colors/-/colors-0.6.2.tgz",
      "integrity": "sha512-OsSVtHK8Ir8r3+Fxw/b4jS1ZLPXkV6ZxDRJQzeD7qo0SqMXWrHDM71DgYzPMHY8SFJ0Ao+nNU2p1MmwdzKqPrw=="
    },
    "fast-strftime": {
      "version": "1.1.1",
      "resolved": "http://registry.npm.baidu-int.com/fast-strftime/-/fast-strftime-1.1.1.tgz",
      "integrity": "sha512-A75yaAd+Yu4IbZH89a3bTe2csqEmhcTgi0BDaDnp9UrkSNqKnMiFerjO6zULIX78MVCcnxD5bF1DFjuitGn9hQ=="
    },
    "isolated-vm": {
      "version": "4.4.2",
      "resolved": "http://registry.npm.baidu-int.com/isolated-vm/-/isolated-vm-4.4.2.tgz",
      "integrity": "sha512-4ObzqZWZTS3bQtavzgoCMsOxpQt3hMeenkPavx2Razig3wX3fAkXZ3XpmqXKoJu6KMl4egBI1MfSg0BnxZ/rfg=="
    },
    "minimist": {
      "version": "0.0.8",
      "resolved": "http://registry.npm.baidu-int.com/minimist/-/minimist-0.0.8.tgz",
      "integrity": "sha512-miQKw5Hv4NS1Psg2517mV4e4dYNaO3++hjAvLOAzKqZ61rH8NS1SK+vbfBWZ5PY/Me/bEWhUwqMghEW5Fb9T7Q=="
    },
    "mkdirp": {
      "version": "0.5.0",
      "resolved": "http://registry.npm.baidu-int.com/mkdirp/-/mkdirp-0.5.0.tgz",
      "integrity": "sha512-xjjNGy+ry1lhtIKcr2PT6ok3aszhQfgrUDp4OZLHacgRgFmF6XR9XCOJVcXlVGQonIqXcK1DvqgKKQOPWYGSfw==",
      "requires": {
        "minimist": "0.0.8"
      }
    },
    "stack-trace": {
      "version": "0.0.9",
      "resolved": "http://registry.npm.baidu-int.com/stack-trace/-/stack-trace-0.0.9.tgz",
      "integrity": "sha512-vjUc6sfgtgY0dxCdnc40mK6Oftjo9+2K8H/NG81TMhgL392FtiPA9tn9RLyTxXmTLPJPjF3VyzFp6bsWFLisMQ=="
    },
    "yog-log": {
      "version": "0.1.7",
      "resolved": "http://registry.npm.baidu-int.com/yog-log/-/yog-log-0.1.7.tgz",
      "integrity": "sha512-pRgVb1bfGe4kwB+4lqOIAmPVuzxyp+RBYjOFJBVPDv2zoB5A4b0lMbwZw7Zery1lW0GfXV9m0CB9MMwA8Ewstw==",
      "requires": {
        "colors": "0.6.2",
        "fast-strftime": "1.1.1",
        "mkdirp": "0.5.0",
        "stack-trace": "0.0.9"
      }
    }
  }
}
